lockVersion: 2.0.0
id: 98621ff3-f200-4a5c-9c69-bc1fe845e39c
management:
  docChecksum: 57e99cb8e6e8b32242245c05aacb18c7
  docVersion: v0.2.0
  speakeasyVersion: 1.396.6
  generationVersion: 2.415.6
  releaseVersion: 0.2.0
  configChecksum: 31041836967656151854b3e329d03919
  repoURL: https://github.com/livepeer/livepeer-ai-go.git
  installationURL: https://github.com/livepeer/livepeer-ai-go
features:
  go:
    additionalDependencies: 0.1.0
    constsAndDefaults: 0.1.6
    core: 3.5.8
    defaultEnabledRetries: 0.2.0
    devContainers: 2.90.0
    envVarSecurityUsage: 0.3.1
    globalSecurity: 2.82.10
    globalSecurityCallbacks: 0.1.0
    globalSecurityFlattening: 0.1.0
    globalServerURLs: 2.82.2
    intellisenseMarkdownSupport: 0.1.0
    responseFormat: 0.1.2
    retries: 2.83.0
    sdkHooks: 0.1.0
    unions: 2.85.9
    uploadStreams: 0.1.0
generatedFiles:
  - .devcontainer/README.md
  - .devcontainer/devcontainer.json
  - .devcontainer/setup.sh
  - .gitattributes
  - /models/components/apierror.go
  - /models/components/bodyaudiototextaudiototextpost.go
  - /models/components/bodyimagetoimageimagetoimagepost.go
  - /models/components/bodyimagetovideoimagetovideopost.go
  - /models/components/bodysegmentanything2segmentanything2post.go
  - /models/components/bodyupscaleupscalepost.go
  - /models/components/chunk.go
  - /models/components/httpmetadata.go
  - /models/components/imageresponse.go
  - /models/components/masksresponse.go
  - /models/components/media.go
  - /models/components/security.go
  - /models/components/textresponse.go
  - /models/components/texttoimageparams.go
  - /models/components/validationerror.go
  - /models/components/videoresponse.go
  - /models/operations/audiototext.go
  - /models/operations/imagetoimage.go
  - /models/operations/imagetovideo.go
  - /models/operations/segmentanything2.go
  - /models/operations/texttoimage.go
  - /models/operations/upscale.go
  - /models/sdkerrors/httperror.go
  - /models/sdkerrors/httpvalidationerror.go
  - CONTRIBUTING.md
  - USAGE.md
  - docs/models/components/apierror.md
  - docs/models/components/audio.md
  - docs/models/components/bodyaudiototextaudiototextpost.md
  - docs/models/components/bodyimagetoimageimagetoimagepost.md
  - docs/models/components/bodyimagetovideoimagetovideopost.md
  - docs/models/components/bodyimagetovideoimagetovideopostimage.md
  - docs/models/components/bodysegmentanything2segmentanything2post.md
  - docs/models/components/bodysegmentanything2segmentanything2postimage.md
  - docs/models/components/bodyupscaleupscalepost.md
  - docs/models/components/bodyupscaleupscalepostimage.md
  - docs/models/components/chunk.md
  - docs/models/components/httpmetadata.md
  - docs/models/components/image.md
  - docs/models/components/imageresponse.md
  - docs/models/components/loc.md
  - docs/models/components/masksresponse.md
  - docs/models/components/media.md
  - docs/models/components/security.md
  - docs/models/components/textresponse.md
  - docs/models/components/texttoimageparams.md
  - docs/models/components/validationerror.md
  - docs/models/components/videoresponse.md
  - docs/models/operations/audiototextresponse.md
  - docs/models/operations/imagetoimageresponse.md
  - docs/models/operations/imagetovideoresponse.md
  - docs/models/operations/segmentanything2response.md
  - docs/models/operations/texttoimageresponse.md
  - docs/models/operations/upscaleresponse.md
  - docs/models/sdkerrors/httperror.md
  - docs/models/sdkerrors/httpvalidationerror.md
  - go.mod
  - internal/hooks/hooks.go
  - internal/utils/contenttype.go
  - internal/utils/form.go
  - internal/utils/headers.go
  - internal/utils/json.go
  - internal/utils/pathparams.go
  - internal/utils/queryparams.go
  - internal/utils/requestbody.go
  - internal/utils/retries.go
  - internal/utils/security.go
  - internal/utils/utils.go
  - livepeerai.go
  - models/operations/options.go
  - models/sdkerrors/sdkerror.go
  - retry/config.go
  - types/bigint.go
  - types/date.go
  - types/datetime.go
  - types/decimal.go
  - types/pointers.go
examples:
  text_to_image:
    speakeasy-default-text-to-image:
      requestBody:
        application/json: {"prompt": "<value>"}
      responses:
        "200":
          application/json: {"images": []}
        "400":
          application/json: {"detail": {"msg": "<value>"}}
        "422": {}
  image_to_image:
    speakeasy-default-image-to-image:
      requestBody:
        multipart/form-data: {"prompt": "<value>", "image": {}}
      responses:
        "200":
          application/json: {"images": []}
        "400":
          application/json: {"detail": {"msg": "<value>"}}
        "422": {}
  image_to_video:
    speakeasy-default-image-to-video:
      requestBody:
        multipart/form-data: {"image": {}}
      responses:
        "200":
          application/json: {"images": []}
        "400":
          application/json: {"detail": {"msg": "<value>"}}
        "422": {}
  upscale:
    speakeasy-default-upscale:
      requestBody:
        multipart/form-data: {"prompt": "<value>", "image": {}}
      responses:
        "200":
          application/json: {"images": []}
        "400":
          application/json: {"detail": {"msg": "<value>"}}
        "422": {}
  audio_to_text:
    speakeasy-default-audio-to-text:
      requestBody:
        multipart/form-data: {"audio": {}}
      responses:
        "200":
          application/json: {"text": "<value>", "chunks": []}
        "400":
          application/json: {"detail": {"msg": "<value>"}}
        "422": {}
  segment_anything_2:
    speakeasy-default-segment-anything-2:
      requestBody:
        multipart/form-data: {"image": {}}
      responses:
        "200":
          application/json: {"masks": "<value>", "scores": "<value>", "logits": "<value>"}
        "400":
          application/json: {"detail": {"msg": "<value>"}}
        "422": {}
