speakeasyVersion: 1.405.6
sources:
    livepeerai-OAS:
        sourceNamespace: livepeerai-oas
        sourceRevisionDigest: sha256:ce56b1741c39f98c5d10419ed7aa8c1cf07891fbae7603bffaf06e9d26887f6f
        sourceBlobDigest: sha256:1381f76cad0ec28b51d5559fdf87a0b14f39e2946fe25e0c21c0b8b0fe42cf99
        tags:
            - latest
            - main
targets:
    livepeerai:
        source: livepeerai-OAS
        sourceNamespace: livepeerai-oas
        sourceRevisionDigest: sha256:d5d5448674c5945b56ea82b32a01c9bb5bfa977ce0db559f609135346f028189
        sourceBlobDigest: sha256:48b0747b8e9a3740e70354e85817a677ea764896e39a5c31ec3060fd570e555f
    livepeerai-go:
        source: livepeerai-OAS
        sourceNamespace: livepeerai-oas
        sourceRevisionDigest: sha256:ce56b1741c39f98c5d10419ed7aa8c1cf07891fbae7603bffaf06e9d26887f6f
        sourceBlobDigest: sha256:1381f76cad0ec28b51d5559fdf87a0b14f39e2946fe25e0c21c0b8b0fe42cf99
        codeSamplesNamespace: code-samples-go-livepeerai-go
        codeSamplesRevisionDigest: sha256:3d64aa7d5bea2f7f5de1d27ed652fea89c378343d47c113ee35aca504f954ecd
workflow:
    workflowVersion: 1.0.0
    speakeasyVersion: latest
    sources:
        livepeerai-OAS:
            inputs:
                - location: https://raw.githubusercontent.com/livepeer/ai-worker/main/runner/gateway.openapi.yaml
            registry:
                location: registry.speakeasyapi.dev/livepeer/livepeer-ai/livepeerai-oas
    targets:
        livepeerai-go:
            target: go
            source: livepeerai-OAS
            codeSamples:
                output: codeSamples.yaml
                registry:
                    location: registry.speakeasyapi.dev/livepeer/livepeer-ai/code-samples-go-livepeerai-go
