speakeasyVersion: 1.426.0
sources:
    livepeerai-OAS:
        sourceNamespace: livepeerai-oas
        sourceRevisionDigest: sha256:043d5cc67e3e33b3b3418c7cf788e581641111a4f5ed2e852c0ba2a342ad2027
        sourceBlobDigest: sha256:d0722722f660e22804e1a2b1ae60e01822333f3f78abad6409c3c7a0e8bebb9b
        tags:
            - latest
            - main
targets:
    livepeerai:
        source: livepeerai-OAS
        sourceNamespace: livepeerai-oas
        sourceRevisionDigest: sha256:d5d5448674c5945b56ea82b32a01c9bb5bfa977ce0db559f609135346f028189
        sourceBlobDigest: sha256:48b0747b8e9a3740e70354e85817a677ea764896e39a5c31ec3060fd570e555f
    livepeerai-go:
        source: livepeerai-OAS
        sourceNamespace: livepeerai-oas
        sourceRevisionDigest: sha256:043d5cc67e3e33b3b3418c7cf788e581641111a4f5ed2e852c0ba2a342ad2027
        sourceBlobDigest: sha256:d0722722f660e22804e1a2b1ae60e01822333f3f78abad6409c3c7a0e8bebb9b
        codeSamplesNamespace: code-samples-go-livepeerai-go
        codeSamplesRevisionDigest: sha256:6f6f16aaab8d191a327c8fb379b53670198d7231a4c711afec0eb42edaa85cdb
workflow:
    workflowVersion: 1.0.0
    speakeasyVersion: latest
    sources:
        livepeerai-OAS:
            inputs:
                - location: https://raw.githubusercontent.com/livepeer/ai-worker/main/runner/gateway.openapi.yaml
            registry:
                location: registry.speakeasyapi.dev/livepeer/livepeer-ai/livepeerai-oas
    targets:
        livepeerai-go:
            target: go
            source: livepeerai-OAS
            codeSamples:
                output: codeSamples.yaml
                registry:
                    location: registry.speakeasyapi.dev/livepeer/livepeer-ai/code-samples-go-livepeerai-go
